
Microsoft Visual Studio Solution File, Format Version 12.00
# Visual Studio Version 16
VisualStudioVersion = 16.0.29709.97
MinimumVisualStudioVersion = 10.0.40219.1
Project("{9A19103F-16F7-4668-BE54-9A1E7A4F7556}") = "HackApi", "HackApi.csproj", "{3649718A-4DCA-4E31-9281-E66718204A0C}"
EndProject
Project("{2150E333-8FDC-42A3-9474-1A3956D46DE8}") = "Solution Items", "Solution Items", "{8E6755AC-3F8C-4853-85A7-6FEEDA61A50E}"
	ProjectSection(SolutionItems) = preProject
		.gitignore = .gitignore
	EndProjectSection
EndProject
Global
	GlobalSection(SolutionConfigurationPlatforms) = preSolution
		Debug|Any CPU = Debug|Any CPU
		Release|Any CPU = Release|Any CPU
	EndGlobalSection
	GlobalSection(ProjectConfigurationPlatforms) = postSolution
		{3649718A-4DCA-4E31-9281-E66718204A0C}.Debug|Any CPU.ActiveCfg = Debug|Any CPU
		{3649718A-4DCA-4E31-9281-E66718204A0C}.Debug|Any CPU.Build.0 = Debug|Any CPU
		{3649718A-4DCA-4E31-9281-E66718204A0C}.Release|Any CPU.ActiveCfg = Release|Any CPU
		{3649718A-4DCA-4E31-9281-E66718204A0C}.Release|Any CPU.Build.0 = Release|Any CPU
	EndGlobalSection
	GlobalSection(SolutionProperties) = preSolution
		HideSolutionNode = FALSE
	EndGlobalSection
	GlobalSection(ExtensibilityGlobals) = postSolution
		SolutionGuid = {236371C7-0AD0-4344-9F69-4D6A79BE9F6E}
	EndGlobalSection
EndGlobal
